# THIS IS AN AUTOGENERATED FILE. DO NOT EDIT THIS FILE DIRECTLY.
# yarn lockfile v1


typescript@^4.5.4:
  version "4.5.4"
  resolved "https://packages.atlassian.com/api/npm/npm-remote/typescript/-/typescript-4.5.4.tgz#a17d3a0263bf5c8723b9c52f43c5084edf13c2e8"
  integrity sha1-oX06AmO/XIcjucUvQ8UITt8Twug=
